
Microsoft Visual Studio Solution File, Format Version 12.00
# Visual Studio Version 16
VisualStudioVersion = 16.0.30503.244
MinimumVisualStudioVersion = 10.0.40219.1
Project("{FAE04EC0-301F-11D3-BF4B-00C04F79EFBC}") = "Test-3", "Test-3\Test-3.csproj", "{7CFFCA05-3560-48FF-9DE5-BF627AB20BD1}"
EndProject
Global
	GlobalSection(SolutionConfigurationPlatforms) = preSolution
		Debug|Any CPU = Debug|Any CPU
		Release|Any CPU = Release|Any CPU
	EndGlobalSection
	GlobalSection(ProjectConfigurationPlatforms) = postSolution
		{7CFFCA05-3560-48FF-9DE5-BF627AB20BD1}.Debug|Any CPU.ActiveCfg = Debug|Any CPU
		{7CFFCA05-3560-48FF-9DE5-BF627AB20BD1}.Debug|Any CPU.Build.0 = Debug|Any CPU
		{7CFFCA05-3560-48FF-9DE5-BF627AB20BD1}.Release|Any CPU.ActiveCfg = Release|Any CPU
		{7CFFCA05-3560-48FF-9DE5-BF627AB20BD1}.Release|Any CPU.Build.0 = Release|Any CPU
	EndGlobalSection
	GlobalSection(SolutionProperties) = preSolution
		HideSolutionNode = FALSE
	EndGlobalSection
	GlobalSection(ExtensibilityGlobals) = postSolution
		SolutionGuid = {5A0F344A-43C9-45E5-9CBF-C332986F71C1}
	EndGlobalSection
EndGlobal
